
Microsoft Visual Studio Solution File, Format Version 12.00
# Visual Studio 15
VisualStudioVersion = 15.0.26430.14
MinimumVisualStudioVersion = 10.0.40219.1
Project("{FAE04EC0-301F-11D3-BF4B-00C04F79EFBC}") = "CalcConvexPolygon", "CalcConvexPolygon\CalcConvexPolygon.csproj", "{2CADA7AF-746D-4B0B-BDF8-F4B55171E955}"
EndProject
Global
	GlobalSection(SolutionConfigurationPlatforms) = preSolution
		Debug|Any CPU = Debug|Any CPU
		Release|Any CPU = Release|Any CPU
	EndGlobalSection
	GlobalSection(ProjectConfigurationPlatforms) = postSolution
		{2CADA7AF-746D-4B0B-BDF8-F4B55171E955}.Debug|Any CPU.ActiveCfg = Debug|Any CPU
		{2CADA7AF-746D-4B0B-BDF8-F4B55171E955}.Debug|Any CPU.Build.0 = Debug|Any CPU
		{2CADA7AF-746D-4B0B-BDF8-F4B55171E955}.Release|Any CPU.ActiveCfg = Release|Any CPU
		{2CADA7AF-746D-4B0B-BDF8-F4B55171E955}.Release|Any CPU.Build.0 = Release|Any CPU
	EndGlobalSection
	GlobalSection(SolutionProperties) = preSolution
		HideSolutionNode = FALSE
	EndGlobalSection
EndGlobal
